
Microsoft Visual Studio Solution File, Format Version 12.00
# Visual Studio Version 17
VisualStudioVersion = 17.4.33205.214
MinimumVisualStudioVersion = 10.0.40219.1
Project("{FAE04EC0-301F-11D3-BF4B-00C04F79EFBC}") = "Ehfaaz", "Ehfaaz\Ehfaaz.csproj", "{631B6EFC-1D7F-41D1-A595-95A5150AC5E0}"
EndProject
Global
	GlobalSection(SolutionConfigurationPlatforms) = preSolution
		Debug|Any CPU = Debug|Any CPU
		Release|Any CPU = Release|Any CPU
	EndGlobalSection
	GlobalSection(ProjectConfigurationPlatforms) = postSolution
		{631B6EFC-1D7F-41D1-A595-95A5150AC5E0}.Debug|Any CPU.ActiveCfg = Debug|Any CPU
		{631B6EFC-1D7F-41D1-A595-95A5150AC5E0}.Debug|Any CPU.Build.0 = Debug|Any CPU
		{631B6EFC-1D7F-41D1-A595-95A5150AC5E0}.Release|Any CPU.ActiveCfg = Release|Any CPU
		{631B6EFC-1D7F-41D1-A595-95A5150AC5E0}.Release|Any CPU.Build.0 = Release|Any CPU
	EndGlobalSection
	GlobalSection(SolutionProperties) = preSolution
		HideSolutionNode = FALSE
	EndGlobalSection
	GlobalSection(ExtensibilityGlobals) = postSolution
		SolutionGuid = {2E4FF629-5762-4FBD-AD45-CE418F92FA83}
	EndGlobalSection
EndGlobal
